
Microsoft Visual Studio Solution File, Format Version 12.00
# Visual Studio Version 17
VisualStudioVersion = 17.3.32929.385
MinimumVisualStudioVersion = 10.0.40219.1
Project("{FAE04EC0-301F-11D3-BF4B-00C04F79EFBC}") = "Wpflab2", "Wpflab2\Wpflab2.csproj", "{759BDF9A-D54C-4FE0-9C3F-926830BCDD92}"
EndProject
Global
	GlobalSection(SolutionConfigurationPlatforms) = preSolution
		Debug|Any CPU = Debug|Any CPU
		Release|Any CPU = Release|Any CPU
	EndGlobalSection
	GlobalSection(ProjectConfigurationPlatforms) = postSolution
		{759BDF9A-D54C-4FE0-9C3F-926830BCDD92}.Debug|Any CPU.ActiveCfg = Debug|Any CPU
		{759BDF9A-D54C-4FE0-9C3F-926830BCDD92}.Debug|Any CPU.Build.0 = Debug|Any CPU
		{759BDF9A-D54C-4FE0-9C3F-926830BCDD92}.Release|Any CPU.ActiveCfg = Release|Any CPU
		{759BDF9A-D54C-4FE0-9C3F-926830BCDD92}.Release|Any CPU.Build.0 = Release|Any CPU
	EndGlobalSection
	GlobalSection(SolutionProperties) = preSolution
		HideSolutionNode = FALSE
	EndGlobalSection
	GlobalSection(ExtensibilityGlobals) = postSolution
		SolutionGuid = {955E01D7-F9A2-439C-A3F4-7DD715E9D32B}
	EndGlobalSection
EndGlobal
